// !$*UTF8*$!
{
	archiveVersion = 1;
	classes = {
	};
	objectVersion = 51;
	objects = {

/* Begin PBXBuildFile section */
		6289CAAC25DBFBCE0014E846 /* DetailViewModel.swift in Sources */ = {isa = PBXBuildFile; fileRef = 6289CAAB25DBFBCE0014E846 /* DetailViewModel.swift */; };
		62ADD46925D8368A009A7156 /* AppDelegate.swift in Sources */ = {isa = PBXBuildFile; fileRef = 62ADD46825D8368A009A7156 /* AppDelegate.swift */; };
		62ADD46B25D8368A009A7156 /* SceneDelegate.swift in Sources */ = {isa = PBXBuildFile; fileRef = 62ADD46A25D8368A009A7156 /* SceneDelegate.swift */; };
		62ADD47025D8368A009A7156 /* Main.storyboard in Resources */ = {isa = PBXBuildFile; fileRef = 62ADD46E25D8368A009A7156 /* Main.storyboard */; };
		62ADD47225D8368B009A7156 /* Assets.xcassets in Resources */ = {isa = PBXBuildFile; fileRef = 62ADD47125D8368B009A7156 /* Assets.xcassets */; };
		62ADD47525D8368B009A7156 /* LaunchScreen.storyboard in Resources */ = {isa = PBXBuildFile; fileRef = 62ADD47325D8368B009A7156 /* LaunchScreen.storyboard */; };
		62C5847325D92DA6008C3725 /* GoogleService-Info.plist in Resources */ = {isa = PBXBuildFile; fileRef = 62C5847225D92DA6008C3725 /* GoogleService-Info.plist */; };
		62D511B925D9308B00AB9660 /* SplashViewController.swift in Sources */ = {isa = PBXBuildFile; fileRef = 62D511B825D9308B00AB9660 /* SplashViewController.swift */; };
		62E3052A25D99239002995AC /* MainViewController.swift in Sources */ = {isa = PBXBuildFile; fileRef = 62E3052925D99239002995AC /* MainViewController.swift */; };
		62E3052D25D99247002995AC /* DetailViewController.swift in Sources */ = {isa = PBXBuildFile; fileRef = 62E3052C25D99247002995AC /* DetailViewController.swift */; };
		62E3053325D99827002995AC /* NetworkMonitor.swift in Sources */ = {isa = PBXBuildFile; fileRef = 62E3053225D99827002995AC /* NetworkMonitor.swift */; };
		62FD4A8D25DA8CAF00719859 /* Film.swift in Sources */ = {isa = PBXBuildFile; fileRef = 62FD4A8C25DA8CAF00719859 /* Film.swift */; };
		62FD4A9625DA961F00719859 /* SearchResult.swift in Sources */ = {isa = PBXBuildFile; fileRef = 62FD4A9525DA961F00719859 /* SearchResult.swift */; };
		62FD4A9925DAB5CB00719859 /* Loader.swift in Sources */ = {isa = PBXBuildFile; fileRef = 62FD4A9825DAB5CB00719859 /* Loader.swift */; };
		62FD4A9F25DABB3F00719859 /* ScaleOutSegue.swift in Sources */ = {isa = PBXBuildFile; fileRef = 62FD4A9E25DABB3F00719859 /* ScaleOutSegue.swift */; };
		62FD4AA525DAE5FF00719859 /* RemoteConfigDefaults.plist in Resources */ = {isa = PBXBuildFile; fileRef = 62FD4AA425DAE5FF00719859 /* RemoteConfigDefaults.plist */; };
		62FD4AAF25DBB70800719859 /* FilmCellViewModel.swift in Sources */ = {isa = PBXBuildFile; fileRef = 62FD4AAE25DBB70800719859 /* FilmCellViewModel.swift */; };
		62FD4AB525DBDCDC00719859 /* FilmTableViewCell.swift in Sources */ = {isa = PBXBuildFile; fileRef = 62FD4AB325DBDCDC00719859 /* FilmTableViewCell.swift */; };
		62FD4AB625DBDCDC00719859 /* FilmTableViewCell.xib in Resources */ = {isa = PBXBuildFile; fileRef = 62FD4AB425DBDCDC00719859 /* FilmTableViewCell.xib */; };
		89860F84275CAEA300399F0B /* RegisterViewController.swift in Sources */ = {isa = PBXBuildFile; fileRef = 89860F83275CAEA300399F0B /* RegisterViewController.swift */; };
		89860F86275CAED000399F0B /* LoginViewController.swift in Sources */ = {isa = PBXBuildFile; fileRef = 89860F85275CAED000399F0B /* LoginViewController.swift */; };
		89860F88275CAEED00399F0B /* Constants.swift in Sources */ = {isa = PBXBuildFile; fileRef = 89860F87275CAEED00399F0B /* Constants.swift */; };
		89860F8A276119C800399F0B /* AuthViewController.swift in Sources */ = {isa = PBXBuildFile; fileRef = 89860F89276119C800399F0B /* AuthViewController.swift */; };
		89860F8C276119ED00399F0B /* ChatViewController.swift in Sources */ = {isa = PBXBuildFile; fileRef = 89860F8B276119ED00399F0B /* ChatViewController.swift */; };
		89860F8E27611A0800399F0B /* Message.swift in Sources */ = {isa = PBXBuildFile; fileRef = 89860F8D27611A0800399F0B /* Message.swift */; };
		89860F9127611A5200399F0B /* MessageCell.swift in Sources */ = {isa = PBXBuildFile; fileRef = 89860F8F27611A4F00399F0B /* MessageCell.swift */; };
		89860F9227611A5200399F0B /* MessageCell.xib in Resources */ = {isa = PBXBuildFile; fileRef = 89860F9027611A5200399F0B /* MessageCell.xib */; };
		89A322A027578D5300092F41 /* CrashTableViewController.swift in Sources */ = {isa = PBXBuildFile; fileRef = 89A3229F27578D5300092F41 /* CrashTableViewController.swift */; };
		89D8E0182757FC2B00DBF9D9 /* RealTimeDatabaseTableViewController.swift in Sources */ = {isa = PBXBuildFile; fileRef = 89D8E0172757FC2B00DBF9D9 /* RealTimeDatabaseTableViewController.swift */; };
		B6360A405DF29634EE142F10 /* Pods_LoodosCase.framework in Frameworks */ = {isa = PBXBuildFile; fileRef = 213C9601E2D016B1874CC3A5 /* Pods_LoodosCase.framework */; };
/* End PBXBuildFile section */

/* Begin PBXFileReference section */
		1DC964A8DB981324841BA28A /* Pods-LoodosCase.release.xcconfig */ = {isa = PBXFileReference; includeInIndex = 1; lastKnownFileType = text.xcconfig; name = "Pods-LoodosCase.release.xcconfig"; path = "Target Support Files/Pods-LoodosCase/Pods-LoodosCase.release.xcconfig"; sourceTree = "<group>"; };
		213C9601E2D016B1874CC3A5 /* Pods_LoodosCase.framework */ = {isa = PBXFileReference; explicitFileType = wrapper.framework; includeInIndex = 0; path = Pods_LoodosCase.framework; sourceTree = BUILT_PRODUCTS_DIR; };
		6289CAAB25DBFBCE0014E846 /* DetailViewModel.swift */ = {isa = PBXFileReference; lastKnownFileType = sourcecode.swift; path = DetailViewModel.swift; sourceTree = "<group>"; };
		62ADD46525D8368A009A7156 /* LoodosCase.app */ = {isa = PBXFileReference; explicitFileType = wrapper.application; includeInIndex = 0; path = LoodosCase.app; sourceTree = BUILT_PRODUCTS_DIR; };
		62ADD46825D8368A009A7156 /* AppDelegate.swift */ = {isa = PBXFileReference; lastKnownFileType = sourcecode.swift; path = AppDelegate.swift; sourceTree = "<group>"; };
		62ADD46A25D8368A009A7156 /* SceneDelegate.swift */ = {isa = PBXFileReference; lastKnownFileType = sourcecode.swift; path = SceneDelegate.swift; sourceTree = "<group>"; };
		62ADD46F25D8368A009A7156 /* Base */ = {isa = PBXFileReference; lastKnownFileType = file.storyboard; name = Base; path = Base.lproj/Main.storyboard; sourceTree = "<group>"; };
		62ADD47125D8368B009A7156 /* Assets.xcassets */ = {isa = PBXFileReference; lastKnownFileType = folder.assetcatalog; path = Assets.xcassets; sourceTree = "<group>"; };
		62ADD47425D8368B009A7156 /* Base */ = {isa = PBXFileReference; lastKnownFileType = file.storyboard; name = Base; path = Base.lproj/LaunchScreen.storyboard; sourceTree = "<group>"; };
		62ADD47625D8368B009A7156 /* Info.plist */ = {isa = PBXFileReference; lastKnownFileType = text.plist.xml; path = Info.plist; sourceTree = "<group>"; };
		62C5847225D92DA6008C3725 /* GoogleService-Info.plist */ = {isa = PBXFileReference; fileEncoding = 4; lastKnownFileType = text.plist.xml; path = "GoogleService-Info.plist"; sourceTree = "<group>"; };
		62D511B825D9308B00AB9660 /* SplashViewController.swift */ = {isa = PBXFileReference; lastKnownFileType = sourcecode.swift; path = SplashViewController.swift; sourceTree = "<group>"; };
		62E3052925D99239002995AC /* MainViewController.swift */ = {isa = PBXFileReference; lastKnownFileType = sourcecode.swift; path = MainViewController.swift; sourceTree = "<group>"; };
		62E3052C25D99247002995AC /* DetailViewController.swift */ = {isa = PBXFileReference; lastKnownFileType = sourcecode.swift; path = DetailViewController.swift; sourceTree = "<group>"; };
		62E3053225D99827002995AC /* NetworkMonitor.swift */ = {isa = PBXFileReference; lastKnownFileType = sourcecode.swift; path = NetworkMonitor.swift; sourceTree = "<group>"; };
		62FD4A8C25DA8CAF00719859 /* Film.swift */ = {isa = PBXFileReference; lastKnownFileType = sourcecode.swift; path = Film.swift; sourceTree = "<group>"; };
		62FD4A9525DA961F00719859 /* SearchResult.swift */ = {isa = PBXFileReference; lastKnownFileType = sourcecode.swift; path = SearchResult.swift; sourceTree = "<group>"; };
		62FD4A9825DAB5CB00719859 /* Loader.swift */ = {isa = PBXFileReference; lastKnownFileType = sourcecode.swift; path = Loader.swift; sourceTree = "<group>"; };
		62FD4A9E25DABB3F00719859 /* ScaleOutSegue.swift */ = {isa = PBXFileReference; lastKnownFileType = sourcecode.swift; path = ScaleOutSegue.swift; sourceTree = "<group>"; };
		62FD4AA425DAE5FF00719859 /* RemoteConfigDefaults.plist */ = {isa = PBXFileReference; lastKnownFileType = text.plist.xml; path = RemoteConfigDefaults.plist; sourceTree = "<group>"; };
		62FD4AAE25DBB70800719859 /* FilmCellViewModel.swift */ = {isa = PBXFileReference; lastKnownFileType = sourcecode.swift; path = FilmCellViewModel.swift; sourceTree = "<group>"; };
		62FD4AB325DBDCDC00719859 /* FilmTableViewCell.swift */ = {isa = PBXFileReference; lastKnownFileType = sourcecode.swift; path = FilmTableViewCell.swift; sourceTree = "<group>"; };
		62FD4AB425DBDCDC00719859 /* FilmTableViewCell.xib */ = {isa = PBXFileReference; lastKnownFileType = file.xib; path = FilmTableViewCell.xib; sourceTree = "<group>"; };
		81E7C8B622BFBD5464607185 /* Pods-LoodosCase.debug.xcconfig */ = {isa = PBXFileReference; includeInIndex = 1; lastKnownFileType = text.xcconfig; name = "Pods-LoodosCase.debug.xcconfig"; path = "Target Support Files/Pods-LoodosCase/Pods-LoodosCase.debug.xcconfig"; sourceTree = "<group>"; };
		89860F83275CAEA300399F0B /* RegisterViewController.swift */ = {isa = PBXFileReference; fileEncoding = 4; lastKnownFileType = sourcecode.swift; path = RegisterViewController.swift; sourceTree = "<group>"; };
		89860F85275CAED000399F0B /* LoginViewController.swift */ = {isa = PBXFileReference; fileEncoding = 4; lastKnownFileType = sourcecode.swift; path = LoginViewController.swift; sourceTree = "<group>"; };
		89860F87275CAEED00399F0B /* Constants.swift */ = {isa = PBXFileReference; fileEncoding = 4; lastKnownFileType = sourcecode.swift; path = Constants.swift; sourceTree = "<group>"; };
		89860F89276119C800399F0B /* AuthViewController.swift */ = {isa = PBXFileReference; lastKnownFileType = sourcecode.swift; path = AuthViewController.swift; sourceTree = "<group>"; };
		89860F8B276119ED00399F0B /* ChatViewController.swift */ = {isa = PBXFileReference; lastKnownFileType = sourcecode.swift; path = ChatViewController.swift; sourceTree = "<group>"; };
		89860F8D27611A0800399F0B /* Message.swift */ = {isa = PBXFileReference; lastKnownFileType = sourcecode.swift; path = Message.swift; sourceTree = "<group>"; };
		89860F8F27611A4F00399F0B /* MessageCell.swift */ = {isa = PBXFileReference; fileEncoding = 4; lastKnownFileType = sourcecode.swift; path = MessageCell.swift; sourceTree = "<group>"; };
		89860F9027611A5200399F0B /* MessageCell.xib */ = {isa = PBXFileReference; fileEncoding = 4; lastKnownFileType = file.xib; path = MessageCell.xib; sourceTree = "<group>"; };
		89A3229F27578D5300092F41 /* CrashTableViewController.swift */ = {isa = PBXFileReference; lastKnownFileType = sourcecode.swift; path = CrashTableViewController.swift; sourceTree = "<group>"; };
		89D8E0172757FC2B00DBF9D9 /* RealTimeDatabaseTableViewController.swift */ = {isa = PBXFileReference; lastKnownFileType = sourcecode.swift; path = RealTimeDatabaseTableViewController.swift; sourceTree = "<group>"; };
/* End PBXFileReference section */

/* Begin PBXFrameworksBuildPhase section */
		62ADD46225D8368A009A7156 /* Frameworks */ = {
			isa = PBXFrameworksBuildPhase;
			buildActionMask = 2147483647;
			files = (
				B6360A405DF29634EE142F10 /* Pods_LoodosCase.framework in Frameworks */,
			);
			runOnlyForDeploymentPostprocessing = 0;
		};
/* End PBXFrameworksBuildPhase section */

/* Begin PBXGroup section */
		0024C90B2488957D59B34550 /* Pods */ = {
			isa = PBXGroup;
			children = (
				81E7C8B622BFBD5464607185 /* Pods-LoodosCase.debug.xcconfig */,
				1DC964A8DB981324841BA28A /* Pods-LoodosCase.release.xcconfig */,
			);
			path = Pods;
			sourceTree = "<group>";
		};
		62ADD45C25D8368A009A7156 = {
			isa = PBXGroup;
			children = (
				62ADD46725D8368A009A7156 /* LoodosCase */,
				62ADD46625D8368A009A7156 /* Products */,
				0024C90B2488957D59B34550 /* Pods */,
				D8BB2A10CB3DC3BFE9A11960 /* Frameworks */,
			);
			sourceTree = "<group>";
		};
		62ADD46625D8368A009A7156 /* Products */ = {
			isa = PBXGroup;
			children = (
				62ADD46525D8368A009A7156 /* LoodosCase.app */,
			);
			name = Products;
			sourceTree = "<group>";
		};
		62ADD46725D8368A009A7156 /* LoodosCase */ = {
			isa = PBXGroup;
			children = (
				62C5846B25D92BAF008C3725 /* Application */,
				62C5847925D92DED008C3725 /* Controllers */,
				62FD4A9B25DAB5D000719859 /* Helpers */,
				62FD4A9225DA95EB00719859 /* Models */,
				62C5847125D92C13008C3725 /* Resources */,
				62E3053625D9982E002995AC /* Services */,
				62E3053025D997F7002995AC /* Storyboards */,
				62FD4AA125DABB4100719859 /* Segues */,
				62FD4AB125DBB7CA00719859 /* ViewModels */,
				62FD4ABA25DBDCE800719859 /* Views */,
			);
			path = LoodosCase;
			sourceTree = "<group>";
		};
		62C5846B25D92BAF008C3725 /* Application */ = {
			isa = PBXGroup;
			children = (
				62C5847225D92DA6008C3725 /* GoogleService-Info.plist */,
				62ADD46825D8368A009A7156 /* AppDelegate.swift */,
				62ADD46A25D8368A009A7156 /* SceneDelegate.swift */,
				62ADD47625D8368B009A7156 /* Info.plist */,
				62FD4AA425DAE5FF00719859 /* RemoteConfigDefaults.plist */,
			);
			name = Application;
			sourceTree = "<group>";
		};
		62C5847125D92C13008C3725 /* Resources */ = {
			isa = PBXGroup;
			children = (
				62ADD47125D8368B009A7156 /* Assets.xcassets */,
			);
			name = Resources;
			sourceTree = "<group>";
		};
		62C5847925D92DED008C3725 /* Controllers */ = {
			isa = PBXGroup;
			children = (
				62D511B825D9308B00AB9660 /* SplashViewController.swift */,
				89860F83275CAEA300399F0B /* RegisterViewController.swift */,
				89860F85275CAED000399F0B /* LoginViewController.swift */,
				62E3052925D99239002995AC /* MainViewController.swift */,
				62E3052C25D99247002995AC /* DetailViewController.swift */,
				89A3229F27578D5300092F41 /* CrashTableViewController.swift */,
				89D8E0172757FC2B00DBF9D9 /* RealTimeDatabaseTableViewController.swift */,
				89860F89276119C800399F0B /* AuthViewController.swift */,
				89860F8B276119ED00399F0B /* ChatViewController.swift */,
			);
			path = Controllers;
			sourceTree = "<group>";
		};
		62E3053025D997F7002995AC /* Storyboards */ = {
			isa = PBXGroup;
			children = (
				62ADD46E25D8368A009A7156 /* Main.storyboard */,
				62ADD47325D8368B009A7156 /* LaunchScreen.storyboard */,
			);
			name = Storyboards;
			sourceTree = "<group>";
		};
		62E3053625D9982E002995AC /* Services */ = {
			isa = PBXGroup;
			children = (
				62E3053225D99827002995AC /* NetworkMonitor.swift */,
			);
			path = Services;
			sourceTree = "<group>";
		};
		62FD4A9225DA95EB00719859 /* Models */ = {
			isa = PBXGroup;
			children = (
				62FD4A8C25DA8CAF00719859 /* Film.swift */,
				62FD4A9525DA961F00719859 /* SearchResult.swift */,
				89860F8D27611A0800399F0B /* Message.swift */,
			);
			path = Models;
			sourceTree = "<group>";
		};
		62FD4A9B25DAB5D000719859 /* Helpers */ = {
			isa = PBXGroup;
			children = (
				89860F87275CAEED00399F0B /* Constants.swift */,
				62FD4A9825DAB5CB00719859 /* Loader.swift */,
			);
			path = Helpers;
			sourceTree = "<group>";
		};
		62FD4AA125DABB4100719859 /* Segues */ = {
			isa = PBXGroup;
			children = (
				62FD4A9E25DABB3F00719859 /* ScaleOutSegue.swift */,
			);
			path = Segues;
			sourceTree = "<group>";
		};
		62FD4AB125DBB7CA00719859 /* ViewModels */ = {
			isa = PBXGroup;
			children = (
				62FD4AAE25DBB70800719859 /* FilmCellViewModel.swift */,
				6289CAAB25DBFBCE0014E846 /* DetailViewModel.swift */,
			);
			path = ViewModels;
			sourceTree = "<group>";
		};
		62FD4AB825DBDCE100719859 /* Cells */ = {
			isa = PBXGroup;
			children = (
				89860F8F27611A4F00399F0B /* MessageCell.swift */,
				89860F9027611A5200399F0B /* MessageCell.xib */,
				62FD4AB325DBDCDC00719859 /* FilmTableViewCell.swift */,
				62FD4AB425DBDCDC00719859 /* FilmTableViewCell.xib */,
			);
			path = Cells;
			sourceTree = "<group>";
		};
		62FD4ABA25DBDCE800719859 /* Views */ = {
			isa = PBXGroup;
			children = (
				62FD4AB825DBDCE100719859 /* Cells */,
			);
			path = Views;
			sourceTree = "<group>";
		};
		D8BB2A10CB3DC3BFE9A11960 /* Frameworks */ = {
			isa = PBXGroup;
			children = (
				213C9601E2D016B1874CC3A5 /* Pods_LoodosCase.framework */,
			);
			name = Frameworks;
			sourceTree = "<group>";
		};
/* End PBXGroup section */

/* Begin PBXNativeTarget section */
		62ADD46425D8368A009A7156 /* LoodosCase */ = {
			isa = PBXNativeTarget;
			buildConfigurationList = 62ADD47925D8368B009A7156 /* Build configuration list for PBXNativeTarget "LoodosCase" */;
			buildPhases = (
				E7771A59065ABEC1B1590425 /* [CP] Check Pods Manifest.lock */,
				62ADD46125D8368A009A7156 /* Sources */,
				62ADD46225D8368A009A7156 /* Frameworks */,
				62ADD46325D8368A009A7156 /* Resources */,
				89A3229E27578B2300092F41 /* ShellScript */,
				8215B60C3709BBF86588DADF /* [CP] Embed Pods Frameworks */,
			);
			buildRules = (
			);
			dependencies = (
			);
			name = LoodosCase;
			productName = LoodosCase;
			productReference = 62ADD46525D8368A009A7156 /* LoodosCase.app */;
			productType = "com.apple.product-type.application";
		};
/* End PBXNativeTarget section */

/* Begin PBXProject section */
		62ADD45D25D8368A009A7156 /* Project object */ = {
			isa = PBXProject;
			attributes = {
				LastSwiftUpdateCheck = 1240;
				LastUpgradeCheck = 1240;
				TargetAttributes = {
					62ADD46425D8368A009A7156 = {
						CreatedOnToolsVersion = 12.4;
					};
				};
			};
			buildConfigurationList = 62ADD46025D8368A009A7156 /* Build configuration list for PBXProject "LoodosCase" */;
			compatibilityVersion = "Xcode 9.3";
			developmentRegion = en;
			hasScannedForEncodings = 0;
			knownRegions = (
				en,
				Base,
			);
			mainGroup = 62ADD45C25D8368A009A7156;
			productRefGroup = 62ADD46625D8368A009A7156 /* Products */;
			projectDirPath = "";
			projectRoot = "";
			targets = (
				62ADD46425D8368A009A7156 /* LoodosCase */,
			);
		};
/* End PBXProject section */

/* Begin PBXResourcesBuildPhase section */
		62ADD46325D8368A009A7156 /* Resources */ = {
			isa = PBXResourcesBuildPhase;
			buildActionMask = 2147483647;
			files = (
				62ADD47525D8368B009A7156 /* LaunchScreen.storyboard in Resources */,
				62FD4AB625DBDCDC00719859 /* FilmTableViewCell.xib in Resources */,
				62FD4AA525DAE5FF00719859 /* RemoteConfigDefaults.plist in Resources */,
				62C5847325D92DA6008C3725 /* GoogleService-Info.plist in Resources */,
				62ADD47225D8368B009A7156 /* Assets.xcassets in Resources */,
				89860F9227611A5200399F0B /* MessageCell.xib in Resources */,
				62ADD47025D8368A009A7156 /* Main.storyboard in Resources */,
			);
			runOnlyForDeploymentPostprocessing = 0;
		};
/* End PBXResourcesBuildPhase section */

/* Begin PBXShellScriptBuildPhase section */
		8215B60C3709BBF86588DADF /* [CP] Embed Pods Frameworks */ = {
			isa = PBXShellScriptBuildPhase;
			buildActionMask = 2147483647;
			files = (
			);
			inputFileListPaths = (
				"${PODS_ROOT}/Target Support Files/Pods-LoodosCase/Pods-LoodosCase-frameworks-${CONFIGURATION}-input-files.xcfilelist",
			);
			name = "[CP] Embed Pods Frameworks";
			outputFileListPaths = (
				"${PODS_ROOT}/Target Support Files/Pods-LoodosCase/Pods-LoodosCase-frameworks-${CONFIGURATION}-output-files.xcfilelist",
			);
			runOnlyForDeploymentPostprocessing = 0;
			shellPath = /bin/sh;
			shellScript = "\"${PODS_ROOT}/Target Support Files/Pods-LoodosCase/Pods-LoodosCase-frameworks.sh\"\n";
			showEnvVarsInLog = 0;
		};
		89A3229E27578B2300092F41 /* ShellScript */ = {
			isa = PBXShellScriptBuildPhase;
			buildActionMask = 2147483647;
			files = (
			);
			inputFileListPaths = (
			);
			inputPaths = (
				"$(SRCROOT)/${DWARF_DSYM_FOLDER_PATH}/${DWARF_DSYM_FILE_NAME}/Contents/Resources/DWARF/${TARGET_NAME}",
				"$(SRCROOT)/$(BUILT_PRODUCTS_DIR)/$(INFOPLIST_PATH)",
			);
			outputFileListPaths = (
			);
			outputPaths = (
			);
			runOnlyForDeploymentPostprocessing = 0;
			shellPath = /bin/sh;
			shellScript = "# Type a script or drag a script file from your workspace to insert its path.\n\"${PODS_ROOT}/FirebaseCrashlytics/run\"\n";
		};
		E7771A59065ABEC1B1590425 /* [CP] Check Pods Manifest.lock */ = {
			isa = PBXShellScriptBuildPhase;
			buildActionMask = 2147483647;
			files = (
			);
			inputFileListPaths = (
			);
			inputPaths = (
				"${PODS_PODFILE_DIR_PATH}/Podfile.lock",
				"${PODS_ROOT}/Manifest.lock",
			);
			name = "[CP] Check Pods Manifest.lock";
			outputFileListPaths = (
			);
			outputPaths = (
				"$(DERIVED_FILE_DIR)/Pods-LoodosCase-checkManifestLockResult.txt",
			);
			runOnlyForDeploymentPostprocessing = 0;
			shellPath = /bin/sh;
			shellScript = "diff \"${PODS_PODFILE_DIR_PATH}/Podfile.lock\" \"${PODS_ROOT}/Manifest.lock\" > /dev/null\nif [ $? != 0 ] ; then\n    # print error to STDERR\n    echo \"error: The sandbox is not in sync with the Podfile.lock. Run 'pod install' or update your CocoaPods installation.\" >&2\n    exit 1\nfi\n# This output is used by Xcode 'outputs' to avoid re-running this script phase.\necho \"SUCCESS\" > \"${SCRIPT_OUTPUT_FILE_0}\"\n";
			showEnvVarsInLog = 0;
		};
/* End PBXShellScriptBuildPhase section */

/* Begin PBXSourcesBuildPhase section */
		62ADD46125D8368A009A7156 /* Sources */ = {
			isa = PBXSourcesBuildPhase;
			buildActionMask = 2147483647;
			files = (
				62D511B925D9308B00AB9660 /* SplashViewController.swift in Sources */,
				62E3053325D99827002995AC /* NetworkMonitor.swift in Sources */,
				62FD4A9625DA961F00719859 /* SearchResult.swift in Sources */,
				89D8E0182757FC2B00DBF9D9 /* RealTimeDatabaseTableViewController.swift in Sources */,
				62ADD46925D8368A009A7156 /* AppDelegate.swift in Sources */,
				62E3052D25D99247002995AC /* DetailViewController.swift in Sources */,
				89860F8E27611A0800399F0B /* Message.swift in Sources */,
				62ADD46B25D8368A009A7156 /* SceneDelegate.swift in Sources */,
				62FD4AAF25DBB70800719859 /* FilmCellViewModel.swift in Sources */,
				62E3052A25D99239002995AC /* MainViewController.swift in Sources */,
				62FD4A8D25DA8CAF00719859 /* Film.swift in Sources */,
				89860F9127611A5200399F0B /* MessageCell.swift in Sources */,
				6289CAAC25DBFBCE0014E846 /* DetailViewModel.swift in Sources */,
				89860F84275CAEA300399F0B /* RegisterViewController.swift in Sources */,
				62FD4AB525DBDCDC00719859 /* FilmTableViewCell.swift in Sources */,
				89860F86275CAED000399F0B /* LoginViewController.swift in Sources */,
				62FD4A9925DAB5CB00719859 /* Loader.swift in Sources */,
				62FD4A9F25DABB3F00719859 /* ScaleOutSegue.swift in Sources */,
				89860F8A276119C800399F0B /* AuthViewController.swift in Sources */,
				89A322A027578D5300092F41 /* CrashTableViewController.swift in Sources */,
				89860F8C276119ED00399F0B /* ChatViewController.swift in Sources */,
				89860F88275CAEED00399F0B /* Constants.swift in Sources */,
			);
			runOnlyForDeploymentPostprocessing = 0;
		};
/* End PBXSourcesBuildPhase section */

/* Begin PBXVariantGroup section */
		62ADD46E25D8368A009A7156 /* Main.storyboard */ = {
			isa = PBXVariantGroup;
			children = (
				62ADD46F25D8368A009A7156 /* Base */,
			);
			name = Main.storyboard;
			sourceTree = "<group>";
		};
		62ADD47325D8368B009A7156 /* LaunchScreen.storyboard */ = {
			isa = PBXVariantGroup;
			children = (
				62ADD47425D8368B009A7156 /* Base */,
			);
			name = LaunchScreen.storyboard;
			sourceTree = "<group>";
		};
/* End PBXVariantGroup section */

/* Begin XCBuildConfiguration section */
		62ADD47725D8368B009A7156 /* Debug */ = {
			isa = XCBuildConfiguration;
			buildSettings = {
				ALWAYS_SEARCH_USER_PATHS = NO;
				CLANG_ANALYZER_NONNULL = YES;
				CLANG_ANALYZER_NUMBER_OBJECT_CONVERSION = YES_AGGRESSIVE;
				CLANG_CXX_LANGUAGE_STANDARD = "gnu++14";
				CLANG_CXX_LIBRARY = "libc++";
				CLANG_ENABLE_MODULES = YES;
				CLANG_ENABLE_OBJC_ARC = YES;
				CLANG_ENABLE_OBJC_WEAK = YES;
				CLANG_WARN_BLOCK_CAPTURE_AUTORELEASING = YES;
				CLANG_WARN_BOOL_CONVERSION = YES;
				CLANG_WARN_COMMA = YES;
				CLANG_WARN_CONSTANT_CONVERSION = YES;
				CLANG_WARN_DEPRECATED_OBJC_IMPLEMENTATIONS = YES;
				CLANG_WARN_DIRECT_OBJC_ISA_USAGE = YES_ERROR;
				CLANG_WARN_DOCUMENTATION_COMMENTS = YES;
				CLANG_WARN_EMPTY_BODY = YES;
				CLANG_WARN_ENUM_CONVERSION = YES;
				CLANG_WARN_INFINITE_RECURSION = YES;
				CLANG_WARN_INT_CONVERSION = YES;
				CLANG_WARN_NON_LITERAL_NULL_CONVERSION = YES;
				CLANG_WARN_OBJC_IMPLICIT_RETAIN_SELF = YES;
				CLANG_WARN_OBJC_LITERAL_CONVERSION = YES;
				CLANG_WARN_OBJC_ROOT_CLASS = YES_ERROR;
				CLANG_WARN_QUOTED_INCLUDE_IN_FRAMEWORK_HEADER = YES;
				CLANG_WARN_RANGE_LOOP_ANALYSIS = YES;
				CLANG_WARN_STRICT_PROTOTYPES = YES;
				CLANG_WARN_SUSPICIOUS_MOVE = YES;
				CLANG_WARN_UNGUARDED_AVAILABILITY = YES_AGGRESSIVE;
				CLANG_WARN_UNREACHABLE_CODE = YES;
				CLANG_WARN__DUPLICATE_METHOD_MATCH = YES;
				COPY_PHASE_STRIP = NO;
				DEBUG_INFORMATION_FORMAT = dwarf;
				ENABLE_STRICT_OBJC_MSGSEND = YES;
				ENABLE_TESTABILITY = YES;
				GCC_C_LANGUAGE_STANDARD = gnu11;
				GCC_DYNAMIC_NO_PIC = NO;
				GCC_NO_COMMON_BLOCKS = YES;
				GCC_OPTIMIZATION_LEVEL = 0;
				GCC_PREPROCESSOR_DEFINITIONS = (
					"DEBUG=1",
					"$(inherited)",
				);
				GCC_WARN_64_TO_32_BIT_CONVERSION = YES;
				GCC_WARN_ABOUT_RETURN_TYPE = YES_ERROR;
				GCC_WARN_UNDECLARED_SELECTOR = YES;
				GCC_WARN_UNINITIALIZED_AUTOS = YES_AGGRESSIVE;
				GCC_WARN_UNUSED_FUNCTION = YES;
				GCC_WARN_UNUSED_VARIABLE = YES;
				IPHONEOS_DEPLOYMENT_TARGET = 14.4;
				MTL_ENABLE_DEBUG_INFO = INCLUDE_SOURCE;
				MTL_FAST_MATH = YES;
				ONLY_ACTIVE_ARCH = YES;
				SDKROOT = iphoneos;
				SWIFT_ACTIVE_COMPILATION_CONDITIONS = DEBUG;
				SWIFT_OPTIMIZATION_LEVEL = "-Onone";
			};
			name = Debug;
		};
		62ADD47825D8368B009A7156 /* Release */ = {
			isa = XCBuildConfiguration;
			buildSettings = {
				ALWAYS_SEARCH_USER_PATHS = NO;
				CLANG_ANALYZER_NONNULL = YES;
				CLANG_ANALYZER_NUMBER_OBJECT_CONVERSION = YES_AGGRESSIVE;
				CLANG_CXX_LANGUAGE_STANDARD = "gnu++14";
				CLANG_CXX_LIBRARY = "libc++";
				CLANG_ENABLE_MODULES = YES;
				CLANG_ENABLE_OBJC_ARC = YES;
				CLANG_ENABLE_OBJC_WEAK = YES;
				CLANG_WARN_BLOCK_CAPTURE_AUTORELEASING = YES;
				CLANG_WARN_BOOL_CONVERSION = YES;
				CLANG_WARN_COMMA = YES;
				CLANG_WARN_CONSTANT_CONVERSION = YES;
				CLANG_WARN_DEPRECATED_OBJC_IMPLEMENTATIONS = YES;
				CLANG_WARN_DIRECT_OBJC_ISA_USAGE = YES_ERROR;
				CLANG_WARN_DOCUMENTATION_COMMENTS = YES;
				CLANG_WARN_EMPTY_BODY = YES;
				CLANG_WARN_ENUM_CONVERSION = YES;
				CLANG_WARN_INFINITE_RECURSION = YES;
				CLANG_WARN_INT_CONVERSION = YES;
				CLANG_WARN_NON_LITERAL_NULL_CONVERSION = YES;
				CLANG_WARN_OBJC_IMPLICIT_RETAIN_SELF = YES;
				CLANG_WARN_OBJC_LITERAL_CONVERSION = YES;
				CLANG_WARN_OBJC_ROOT_CLASS = YES_ERROR;
				CLANG_WARN_QUOTED_INCLUDE_IN_FRAMEWORK_HEADER = YES;
				CLANG_WARN_RANGE_LOOP_ANALYSIS = YES;
				CLANG_WARN_STRICT_PROTOTYPES = YES;
				CLANG_WARN_SUSPICIOUS_MOVE = YES;
				CLANG_WARN_UNGUARDED_AVAILABILITY = YES_AGGRESSIVE;
				CLANG_WARN_UNREACHABLE_CODE = YES;
				CLANG_WARN__DUPLICATE_METHOD_MATCH = YES;
				COPY_PHASE_STRIP = NO;
				DEBUG_INFORMATION_FORMAT = "dwarf-with-dsym";
				ENABLE_NS_ASSERTIONS = NO;
				ENABLE_STRICT_OBJC_MSGSEND = YES;
				GCC_C_LANGUAGE_STANDARD = gnu11;
				GCC_NO_COMMON_BLOCKS = YES;
				GCC_WARN_64_TO_32_BIT_CONVERSION = YES;
				GCC_WARN_ABOUT_RETURN_TYPE = YES_ERROR;
				GCC_WARN_UNDECLARED_SELECTOR = YES;
				GCC_WARN_UNINITIALIZED_AUTOS = YES_AGGRESSIVE;
				GCC_WARN_UNUSED_FUNCTION = YES;
				GCC_WARN_UNUSED_VARIABLE = YES;
				IPHONEOS_DEPLOYMENT_TARGET = 14.4;
				MTL_ENABLE_DEBUG_INFO = NO;
				MTL_FAST_MATH = YES;
				SDKROOT = iphoneos;
				SWIFT_COMPILATION_MODE = wholemodule;
				SWIFT_OPTIMIZATION_LEVEL = "-O";
				VALIDATE_PRODUCT = YES;
			};
			name = Release;
		};
		62ADD47A25D8368B009A7156 /* Debug */ = {
			isa = XCBuildConfiguration;
			baseConfigurationReference = 81E7C8B622BFBD5464607185 /* Pods-LoodosCase.debug.xcconfig */;
			buildSettings = {
				ASSETCATALOG_COMPILER_APPICON_NAME = AppIcon;
				ASSETCATALOG_COMPILER_GLOBAL_ACCENT_COLOR_NAME = AccentColor;
				CODE_SIGN_STYLE = Automatic;
				DEBUG_INFORMATION_FORMAT = "dwarf-with-dsym";
				DEVELOPMENT_TEAM = HSX5VD99YZ;
				INFOPLIST_FILE = LoodosCase/Info.plist;
				LD_RUNPATH_SEARCH_PATHS = (
					"$(inherited)",
					"@executable_path/Frameworks",
				);
				PRODUCT_BUNDLE_IDENTIFIER = com.hcd.LoodosCase;
				PRODUCT_NAME = "$(TARGET_NAME)";
				SWIFT_VERSION = 5.0;
				TARGETED_DEVICE_FAMILY = "1,2";
			};
			name = Debug;
		};
		62ADD47B25D8368B009A7156 /* Release */ = {
			isa = XCBuildConfiguration;
			baseConfigurationReference = 1DC964A8DB981324841BA28A /* Pods-LoodosCase.release.xcconfig */;
			buildSettings = {
				ASSETCATALOG_COMPILER_APPICON_NAME = AppIcon;
				ASSETCATALOG_COMPILER_GLOBAL_ACCENT_COLOR_NAME = AccentColor;
				CODE_SIGN_STYLE = Automatic;
				DEVELOPMENT_TEAM = HSX5VD99YZ;
				INFOPLIST_FILE = LoodosCase/Info.plist;
				LD_RUNPATH_SEARCH_PATHS = (
					"$(inherited)",
					"@executable_path/Frameworks",
				);
				PRODUCT_BUNDLE_IDENTIFIER = com.hcd.LoodosCase;
				PRODUCT_NAME = "$(TARGET_NAME)";
				SWIFT_VERSION = 5.0;
				TARGETED_DEVICE_FAMILY = "1,2";
			};
			name = Release;
		};
/* End XCBuildConfiguration section */

/* Begin XCConfigurationList section */
		62ADD46025D8368A009A7156 /* Build configuration list for PBXProject "LoodosCase" */ = {
			isa = XCConfigurationList;
			buildConfigurations = (
				62ADD47725D8368B009A7156 /* Debug */,
				62ADD47825D8368B009A7156 /* Release */,
			);
			defaultConfigurationIsVisible = 0;
			defaultConfigurationName = Release;
		};
		62ADD47925D8368B009A7156 /* Build configuration list for PBXNativeTarget "LoodosCase" */ = {
			isa = XCConfigurationList;
			buildConfigurations = (
				62ADD47A25D8368B009A7156 /* Debug */,
				62ADD47B25D8368B009A7156 /* Release */,
			);
			defaultConfigurationIsVisible = 0;
			defaultConfigurationName = Release;
		};
/* End XCConfigurationList section */
	};
	rootObject = 62ADD45D25D8368A009A7156 /* Project object */;
}
